
Microsoft Visual Studio Solution File, Format Version 12.00
# Visual Studio 15
VisualStudioVersion = 15.0.27130.2010
MinimumVisualStudioVersion = 10.0.40219.1
Project("{FAE04EC0-301F-11D3-BF4B-00C04F79EFBC}") = "VoyagePlanner", "VoyagePlanner\VoyagePlanner.csproj", "{125040B6-1BC7-4229-9339-F75D07A13B08}"
EndProject
Global
	GlobalSection(SolutionConfigurationPlatforms) = preSolution
		Debug|Any CPU = Debug|Any CPU
		Release|Any CPU = Release|Any CPU
	EndGlobalSection
	GlobalSection(ProjectConfigurationPlatforms) = postSolution
		{125040B6-1BC7-4229-9339-F75D07A13B08}.Debug|Any CPU.ActiveCfg = Debug|Any CPU
		{125040B6-1BC7-4229-9339-F75D07A13B08}.Debug|Any CPU.Build.0 = Debug|Any CPU
		{125040B6-1BC7-4229-9339-F75D07A13B08}.Release|Any CPU.ActiveCfg = Release|Any CPU
		{125040B6-1BC7-4229-9339-F75D07A13B08}.Release|Any CPU.Build.0 = Release|Any CPU
	EndGlobalSection
	GlobalSection(SolutionProperties) = preSolution
		HideSolutionNode = FALSE
	EndGlobalSection
	GlobalSection(ExtensibilityGlobals) = postSolution
		SolutionGuid = {F76B380C-83B9-43CC-8A72-CAEDF520C184}
	EndGlobalSection
EndGlobal
